
Microsoft Visual Studio Solution File, Format Version 12.00
# Visual Studio Version 17
VisualStudioVersion = 17.6.33815.320
MinimumVisualStudioVersion = 10.0.40219.1
Project("{FAE04EC0-301F-11D3-BF4B-00C04F79EFBC}") = "Template.Bot", "Template.Bot\Template.Bot.csproj", "{30F11FC5-2ED9-4558-996A-64666EEDEE08}"
EndProject
Global
	GlobalSection(SolutionConfigurationPlatforms) = preSolution
		Debug|Any CPU = Debug|Any CPU
		Release|Any CPU = Release|Any CPU
	EndGlobalSection
	GlobalSection(ProjectConfigurationPlatforms) = postSolution
		{30F11FC5-2ED9-4558-996A-64666EEDEE08}.Debug|Any CPU.ActiveCfg = Debug|Any CPU
		{30F11FC5-2ED9-4558-996A-64666EEDEE08}.Debug|Any CPU.Build.0 = Debug|Any CPU
		{30F11FC5-2ED9-4558-996A-64666EEDEE08}.Release|Any CPU.ActiveCfg = Release|Any CPU
		{30F11FC5-2ED9-4558-996A-64666EEDEE08}.Release|Any CPU.Build.0 = Release|Any CPU
	EndGlobalSection
	GlobalSection(SolutionProperties) = preSolution
		HideSolutionNode = FALSE
	EndGlobalSection
	GlobalSection(ExtensibilityGlobals) = postSolution
		SolutionGuid = {A253CBC3-FCDF-4ACA-978B-C354EA72C283}
	EndGlobalSection
EndGlobal
